// !$*UTF8*$!
{
	archiveVersion = 1;
	classes = {
	};
	objectVersion = 46;
	objects = {

/* Begin PBXBuildFile section */
		DBD04C82174FA25B00209B26 /* Cocoa.framework in Frameworks */ = {isa = PBXBuildFile; fileRef = DBD04C81174FA25B00209B26 /* Cocoa.framework */; };
		DBD04C8C174FA25B00209B26 /* InfoPlist.strings in Resources */ = {isa = PBXBuildFile; fileRef = DBD04C8A174FA25B00209B26 /* InfoPlist.strings */; };
		DBD04C8E174FA25B00209B26 /* main.m in Sources */ = {isa = PBXBuildFile; fileRef = DBD04C8D174FA25B00209B26 /* main.m */; };
		DBD04C92174FA25B00209B26 /* Credits.rtf in Resources */ = {isa = PBXBuildFile; fileRef = DBD04C90174FA25B00209B26 /* Credits.rtf */; };
		DBD04C95174FA25B00209B26 /* OOAppDelegate.m in Sources */ = {isa = PBXBuildFile; fileRef = DBD04C94174FA25B00209B26 /* OOAppDelegate.m */; };
		DBD04C98174FA25B00209B26 /* MainMenu.xib in Resources */ = {isa = PBXBuildFile; fileRef = DBD04C96174FA25B00209B26 /* MainMenu.xib */; };
		DBD04D63174FDF4A00209B26 /* Breakpad.framework in Frameworks */ = {isa = PBXBuildFile; fileRef = DBD04D62174FDF4A00209B26 /* Breakpad.framework */; };
		DBD04D64174FDF6B00209B26 /* Breakpad.framework in Copy Frameworks */ = {isa = PBXBuildFile; fileRef = DBD04D62174FDF4A00209B26 /* Breakpad.framework */; };
/* End PBXBuildFile section */

/* Begin PBXCopyFilesBuildPhase section */
		DBD04CA2174FA2FF00209B26 /* Copy Frameworks */ = {
			isa = PBXCopyFilesBuildPhase;
			buildActionMask = 2147483647;
			dstPath = "";
			dstSubfolderSpec = 10;
			files = (
				DBD04D64174FDF6B00209B26 /* Breakpad.framework in Copy Frameworks */,
			);
			name = "Copy Frameworks";
			runOnlyForDeploymentPostprocessing = 0;
		};
/* End PBXCopyFilesBuildPhase section */

/* Begin PBXFileReference section */
		DB2C4E84175002FB00501EFF /* README.md */ = {isa = PBXFileReference; lastKnownFileType = text; path = README.md; sourceTree = "<group>"; };
		DBD04C7D174FA25B00209B26 /* BreakpadTest.app */ = {isa = PBXFileReference; explicitFileType = wrapper.application; includeInIndex = 0; path = BreakpadTest.app; sourceTree = BUILT_PRODUCTS_DIR; };
		DBD04C81174FA25B00209B26 /* Cocoa.framework */ = {isa = PBXFileReference; lastKnownFileType = wrapper.framework; name = Cocoa.framework; path = System/Library/Frameworks/Cocoa.framework; sourceTree = SDKROOT; };
		DBD04C84174FA25B00209B26 /* AppKit.framework */ = {isa = PBXFileReference; lastKnownFileType = wrapper.framework; name = AppKit.framework; path = System/Library/Frameworks/AppKit.framework; sourceTree = SDKROOT; };
		DBD04C85174FA25B00209B26 /* CoreData.framework */ = {isa = PBXFileReference; lastKnownFileType = wrapper.framework; name = CoreData.framework; path = System/Library/Frameworks/CoreData.framework; sourceTree = SDKROOT; };
		DBD04C86174FA25B00209B26 /* Foundation.framework */ = {isa = PBXFileReference; lastKnownFileType = wrapper.framework; name = Foundation.framework; path = System/Library/Frameworks/Foundation.framework; sourceTree = SDKROOT; };
		DBD04C89174FA25B00209B26 /* BreakpadTest-Info.plist */ = {isa = PBXFileReference; lastKnownFileType = text.plist.xml; path = "BreakpadTest-Info.plist"; sourceTree = "<group>"; };
		DBD04C8B174FA25B00209B26 /* en */ = {isa = PBXFileReference; lastKnownFileType = text.plist.strings; name = en; path = en.lproj/InfoPlist.strings; sourceTree = "<group>"; };
		DBD04C8D174FA25B00209B26 /* main.m */ = {isa = PBXFileReference; lastKnownFileType = sourcecode.c.objc; path = main.m; sourceTree = "<group>"; };
		DBD04C8F174FA25B00209B26 /* BreakpadTest-Prefix.pch */ = {isa = PBXFileReference; lastKnownFileType = sourcecode.c.h; path = "BreakpadTest-Prefix.pch"; sourceTree = "<group>"; };
		DBD04C91174FA25B00209B26 /* en */ = {isa = PBXFileReference; lastKnownFileType = text.rtf; name = en; path = en.lproj/Credits.rtf; sourceTree = "<group>"; };
		DBD04C93174FA25B00209B26 /* OOAppDelegate.h */ = {isa = PBXFileReference; lastKnownFileType = sourcecode.c.h; path = OOAppDelegate.h; sourceTree = "<group>"; };
		DBD04C94174FA25B00209B26 /* OOAppDelegate.m */ = {isa = PBXFileReference; lastKnownFileType = sourcecode.c.objc; path = OOAppDelegate.m; sourceTree = "<group>"; };
		DBD04C97174FA25B00209B26 /* en */ = {isa = PBXFileReference; lastKnownFileType = file.xib; name = en; path = en.lproj/MainMenu.xib; sourceTree = "<group>"; };
		DBD04D20174FDB4F00209B26 /* dump_syms */ = {isa = PBXFileReference; lastKnownFileType = "compiled.mach-o.executable"; path = dump_syms; sourceTree = "<group>"; };
		DBD04D22174FDB4F00209B26 /* minidump_stackwalk */ = {isa = PBXFileReference; lastKnownFileType = file; path = minidump_stackwalk; sourceTree = "<group>"; };
		DBD04D23174FDB4F00209B26 /* symupload */ = {isa = PBXFileReference; lastKnownFileType = "compiled.mach-o.executable"; path = symupload; sourceTree = "<group>"; };
		DBD04D25174FDB4F00209B26 /* crash.php */ = {isa = PBXFileReference; lastKnownFileType = text.script.php; path = crash.php; sourceTree = "<group>"; };
		DBD04D62174FDF4A00209B26 /* Breakpad.framework */ = {isa = PBXFileReference; lastKnownFileType = wrapper.framework; name = Breakpad.framework; path = Frameworks/Breakpad.framework; sourceTree = "<group>"; };
/* End PBXFileReference section */

/* Begin PBXFrameworksBuildPhase section */
		DBD04C7A174FA25B00209B26 /* Frameworks */ = {
			isa = PBXFrameworksBuildPhase;
			buildActionMask = 2147483647;
			files = (
				DBD04C82174FA25B00209B26 /* Cocoa.framework in Frameworks */,
				DBD04D63174FDF4A00209B26 /* Breakpad.framework in Frameworks */,
			);
			runOnlyForDeploymentPostprocessing = 0;
		};
/* End PBXFrameworksBuildPhase section */

/* Begin PBXGroup section */
		DBD04C72174FA25B00209B26 = {
			isa = PBXGroup;
			children = (
				DB2C4E84175002FB00501EFF /* README.md */,
				DBD04C87174FA25B00209B26 /* BreakpadTest */,
				DBD04CA1174FA2BE00209B26 /* Utilities */,
				DBD04C80174FA25B00209B26 /* Frameworks */,
				DBD04C7E174FA25B00209B26 /* Products */,
			);
			sourceTree = "<group>";
		};
		DBD04C7E174FA25B00209B26 /* Products */ = {
			isa = PBXGroup;
			children = (
				DBD04C7D174FA25B00209B26 /* BreakpadTest.app */,
			);
			name = Products;
			sourceTree = "<group>";
		};
		DBD04C80174FA25B00209B26 /* Frameworks */ = {
			isa = PBXGroup;
			children = (
				DBD04D62174FDF4A00209B26 /* Breakpad.framework */,
				DBD04C81174FA25B00209B26 /* Cocoa.framework */,
				DBD04C83174FA25B00209B26 /* Other Frameworks */,
			);
			name = Frameworks;
			sourceTree = "<group>";
		};
		DBD04C83174FA25B00209B26 /* Other Frameworks */ = {
			isa = PBXGroup;
			children = (
				DBD04C84174FA25B00209B26 /* AppKit.framework */,
				DBD04C85174FA25B00209B26 /* CoreData.framework */,
				DBD04C86174FA25B00209B26 /* Foundation.framework */,
			);
			name = "Other Frameworks";
			sourceTree = "<group>";
		};
		DBD04C87174FA25B00209B26 /* BreakpadTest */ = {
			isa = PBXGroup;
			children = (
				DBD04C93174FA25B00209B26 /* OOAppDelegate.h */,
				DBD04C94174FA25B00209B26 /* OOAppDelegate.m */,
				DBD04C96174FA25B00209B26 /* MainMenu.xib */,
				DBD04C88174FA25B00209B26 /* Supporting Files */,
			);
			path = BreakpadTest;
			sourceTree = "<group>";
		};
		DBD04C88174FA25B00209B26 /* Supporting Files */ = {
			isa = PBXGroup;
			children = (
				DBD04C89174FA25B00209B26 /* BreakpadTest-Info.plist */,
				DBD04C8A174FA25B00209B26 /* InfoPlist.strings */,
				DBD04C8D174FA25B00209B26 /* main.m */,
				DBD04C8F174FA25B00209B26 /* BreakpadTest-Prefix.pch */,
				DBD04C90174FA25B00209B26 /* Credits.rtf */,
			);
			name = "Supporting Files";
			sourceTree = "<group>";
		};
		DBD04CA1174FA2BE00209B26 /* Utilities */ = {
			isa = PBXGroup;
			children = (
				DBD04D20174FDB4F00209B26 /* dump_syms */,
				DBD04D21174FDB4F00209B26 /* Linux */,
				DBD04D23174FDB4F00209B26 /* symupload */,
				DBD04D24174FDB4F00209B26 /* Web */,
			);
			path = Utilities;
			sourceTree = "<group>";
		};
		DBD04D21174FDB4F00209B26 /* Linux */ = {
			isa = PBXGroup;
			children = (
				DBD04D22174FDB4F00209B26 /* minidump_stackwalk */,
			);
			path = Linux;
			sourceTree = "<group>";
		};
		DBD04D24174FDB4F00209B26 /* Web */ = {
			isa = PBXGroup;
			children = (
				DBD04D25174FDB4F00209B26 /* crash.php */,
			);
			path = Web;
			sourceTree = "<group>";
		};
/* End PBXGroup section */

/* Begin PBXNativeTarget section */
		DBD04C7C174FA25B00209B26 /* BreakpadTest */ = {
			isa = PBXNativeTarget;
			buildConfigurationList = DBD04C9B174FA25B00209B26 /* Build configuration list for PBXNativeTarget "BreakpadTest" */;
			buildPhases = (
				DBD04C79174FA25B00209B26 /* Sources */,
				DBD04C7A174FA25B00209B26 /* Frameworks */,
				DBD04C7B174FA25B00209B26 /* Resources */,
				DBD04CA2174FA2FF00209B26 /* Copy Frameworks */,
				DBD04CA4174FA38800209B26 /* Dump symbols */,
			);
			buildRules = (
			);
			dependencies = (
			);
			name = BreakpadTest;
			productName = BreakpadTest;
			productReference = DBD04C7D174FA25B00209B26 /* BreakpadTest.app */;
			productType = "com.apple.product-type.application";
		};
/* End PBXNativeTarget section */

/* Begin PBXProject section */
		DBD04C74174FA25B00209B26 /* Project object */ = {
			isa = PBXProject;
			attributes = {
				LastUpgradeCheck = 0420;
				ORGANIZATIONNAME = OutOfOrder.cc;
			};
			buildConfigurationList = DBD04C77174FA25B00209B26 /* Build configuration list for PBXProject "BreakpadTest" */;
			compatibilityVersion = "Xcode 3.2";
			developmentRegion = English;
			hasScannedForEncodings = 0;
			knownRegions = (
				en,
			);
			mainGroup = DBD04C72174FA25B00209B26;
			productRefGroup = DBD04C7E174FA25B00209B26 /* Products */;
			projectDirPath = "";
			projectRoot = "";
			targets = (
				DBD04C7C174FA25B00209B26 /* BreakpadTest */,
			);
		};
/* End PBXProject section */

/* Begin PBXResourcesBuildPhase section */
		DBD04C7B174FA25B00209B26 /* Resources */ = {
			isa = PBXResourcesBuildPhase;
			buildActionMask = 2147483647;
			files = (
				DBD04C8C174FA25B00209B26 /* InfoPlist.strings in Resources */,
				DBD04C92174FA25B00209B26 /* Credits.rtf in Resources */,
				DBD04C98174FA25B00209B26 /* MainMenu.xib in Resources */,
			);
			runOnlyForDeploymentPostprocessing = 0;
		};
/* End PBXResourcesBuildPhase section */

/* Begin PBXShellScriptBuildPhase section */
		DBD04CA4174FA38800209B26 /* Dump symbols */ = {
			isa = PBXShellScriptBuildPhase;
			buildActionMask = 2147483647;
			files = (
			);
			inputPaths = (
			);
			name = "Dump symbols";
			outputPaths = (
			);
			runOnlyForDeploymentPostprocessing = 0;
			shellPath = /bin/sh;
			shellScript = "TOOL_DIR=${SOURCE_ROOT}/Utilities/\nPROD=${DWARF_DSYM_FOLDER_PATH}/${DWARF_DSYM_FILE_NAME}/Contents/Resources/DWARF/${EXECUTABLE_NAME}\nfor a in ppc i386 x86_64; do\n    if lipo \"$PROD\" -verify_arch $a; then\n        \"$TOOL_DIR/dump_syms\" -a $a \"$PROD\" > \"$TARGET_NAME-$a.breakpad\"\n    fi\ndone\n";
		};
/* End PBXShellScriptBuildPhase section */

/* Begin PBXSourcesBuildPhase section */
		DBD04C79174FA25B00209B26 /* Sources */ = {
			isa = PBXSourcesBuildPhase;
			buildActionMask = 2147483647;
			files = (
				DBD04C8E174FA25B00209B26 /* main.m in Sources */,
				DBD04C95174FA25B00209B26 /* OOAppDelegate.m in Sources */,
			);
			runOnlyForDeploymentPostprocessing = 0;
		};
/* End PBXSourcesBuildPhase section */

/* Begin PBXVariantGroup section */
		DBD04C8A174FA25B00209B26 /* InfoPlist.strings */ = {
			isa = PBXVariantGroup;
			children = (
				DBD04C8B174FA25B00209B26 /* en */,
			);
			name = InfoPlist.strings;
			sourceTree = "<group>";
		};
		DBD04C90174FA25B00209B26 /* Credits.rtf */ = {
			isa = PBXVariantGroup;
			children = (
				DBD04C91174FA25B00209B26 /* en */,
			);
			name = Credits.rtf;
			sourceTree = "<group>";
		};
		DBD04C96174FA25B00209B26 /* MainMenu.xib */ = {
			isa = PBXVariantGroup;
			children = (
				DBD04C97174FA25B00209B26 /* en */,
			);
			name = MainMenu.xib;
			sourceTree = "<group>";
		};
/* End PBXVariantGroup section */

/* Begin XCBuildConfiguration section */
		DBD04C99174FA25B00209B26 /* Debug */ = {
			isa = XCBuildConfiguration;
			buildSettings = {
				ALWAYS_SEARCH_USER_PATHS = NO;
				ARCHS = "$(ARCHS_STANDARD_32_64_BIT)";
				COPY_PHASE_STRIP = NO;
				DEBUG_INFORMATION_FORMAT = "dwarf-with-dsym";
				GCC_C_LANGUAGE_STANDARD = gnu99;
				GCC_DYNAMIC_NO_PIC = NO;
				GCC_ENABLE_OBJC_EXCEPTIONS = YES;
				GCC_OPTIMIZATION_LEVEL = 0;
				GCC_PREPROCESSOR_DEFINITIONS = (
					"DEBUG=1",
					"$(inherited)",
				);
				GCC_SYMBOLS_PRIVATE_EXTERN = NO;
				GCC_VERSION = com.apple.compilers.llvm.clang.1_0;
				GCC_WARN_64_TO_32_BIT_CONVERSION = YES;
				GCC_WARN_ABOUT_MISSING_PROTOTYPES = YES;
				GCC_WARN_ABOUT_RETURN_TYPE = YES;
				GCC_WARN_UNUSED_VARIABLE = YES;
				MACOSX_DEPLOYMENT_TARGET = 10.6;
				ONLY_ACTIVE_ARCH = YES;
				SDKROOT = macosx;
				SEPARATE_STRIP = YES;
				STRIP_STYLE = "non-global";
			};
			name = Debug;
		};
		DBD04C9A174FA25B00209B26 /* Release */ = {
			isa = XCBuildConfiguration;
			buildSettings = {
				ALWAYS_SEARCH_USER_PATHS = NO;
				ARCHS = "$(ARCHS_STANDARD_32_64_BIT)";
				COPY_PHASE_STRIP = YES;
				DEBUG_INFORMATION_FORMAT = "dwarf-with-dsym";
				GCC_C_LANGUAGE_STANDARD = gnu99;
				GCC_ENABLE_OBJC_EXCEPTIONS = YES;
				GCC_VERSION = com.apple.compilers.llvm.clang.1_0;
				GCC_WARN_64_TO_32_BIT_CONVERSION = YES;
				GCC_WARN_ABOUT_MISSING_PROTOTYPES = YES;
				GCC_WARN_ABOUT_RETURN_TYPE = YES;
				GCC_WARN_UNUSED_VARIABLE = YES;
				MACOSX_DEPLOYMENT_TARGET = 10.6;
				SDKROOT = macosx;
				SEPARATE_STRIP = YES;
				STRIP_STYLE = "non-global";
			};
			name = Release;
		};
		DBD04C9C174FA25B00209B26 /* Debug */ = {
			isa = XCBuildConfiguration;
			buildSettings = {
				FRAMEWORK_SEARCH_PATHS = (
					"$(inherited)",
					"\"$(SRCROOT)/Frameworks\"",
				);
				GCC_PRECOMPILE_PREFIX_HEADER = YES;
				GCC_PREFIX_HEADER = "BreakpadTest/BreakpadTest-Prefix.pch";
				INFOPLIST_FILE = "BreakpadTest/BreakpadTest-Info.plist";
				PRODUCT_NAME = "$(TARGET_NAME)";
				WRAPPER_EXTENSION = app;
			};
			name = Debug;
		};
		DBD04C9D174FA25B00209B26 /* Release */ = {
			isa = XCBuildConfiguration;
			buildSettings = {
				FRAMEWORK_SEARCH_PATHS = (
					"$(inherited)",
					"\"$(SRCROOT)/Frameworks\"",
				);
				GCC_PRECOMPILE_PREFIX_HEADER = YES;
				GCC_PREFIX_HEADER = "BreakpadTest/BreakpadTest-Prefix.pch";
				INFOPLIST_FILE = "BreakpadTest/BreakpadTest-Info.plist";
				PRODUCT_NAME = "$(TARGET_NAME)";
				WRAPPER_EXTENSION = app;
			};
			name = Release;
		};
/* End XCBuildConfiguration section */

/* Begin XCConfigurationList section */
		DBD04C77174FA25B00209B26 /* Build configuration list for PBXProject "BreakpadTest" */ = {
			isa = XCConfigurationList;
			buildConfigurations = (
				DBD04C99174FA25B00209B26 /* Debug */,
				DBD04C9A174FA25B00209B26 /* Release */,
			);
			defaultConfigurationIsVisible = 0;
			defaultConfigurationName = Release;
		};
		DBD04C9B174FA25B00209B26 /* Build configuration list for PBXNativeTarget "BreakpadTest" */ = {
			isa = XCConfigurationList;
			buildConfigurations = (
				DBD04C9C174FA25B00209B26 /* Debug */,
				DBD04C9D174FA25B00209B26 /* Release */,
			);
			defaultConfigurationIsVisible = 0;
			defaultConfigurationName = Release;
		};
/* End XCConfigurationList section */
	};
	rootObject = DBD04C74174FA25B00209B26 /* Project object */;
}
